
Microsoft Visual Studio Solution File, Format Version 12.00
# Visual Studio Version 17
VisualStudioVersion = 17.4.33110.190
MinimumVisualStudioVersion = 10.0.40219.1
Project("{FAE04EC0-301F-11D3-BF4B-00C04F79EFBC}") = "NoItemTransfer", "NoItemTransfer\NoItemTransfer.csproj", "{83C2E2A6-A8BC-4DEF-9B8C-E8DFB2234D53}"
EndProject
Global
	GlobalSection(SolutionConfigurationPlatforms) = preSolution
		Debug|Any CPU = Debug|Any CPU
		Release|Any CPU = Release|Any CPU
	EndGlobalSection
	GlobalSection(ProjectConfigurationPlatforms) = postSolution
		{83C2E2A6-A8BC-4DEF-9B8C-E8DFB2234D53}.Debug|Any CPU.ActiveCfg = Debug|Any CPU
		{83C2E2A6-A8BC-4DEF-9B8C-E8DFB2234D53}.Debug|Any CPU.Build.0 = Debug|Any CPU
		{83C2E2A6-A8BC-4DEF-9B8C-E8DFB2234D53}.Release|Any CPU.ActiveCfg = Release|Any CPU
		{83C2E2A6-A8BC-4DEF-9B8C-E8DFB2234D53}.Release|Any CPU.Build.0 = Release|Any CPU
	EndGlobalSection
	GlobalSection(SolutionProperties) = preSolution
		HideSolutionNode = FALSE
	EndGlobalSection
	GlobalSection(ExtensibilityGlobals) = postSolution
		SolutionGuid = {8FE01FAB-0959-48B4-AF00-D02420B5C428}
	EndGlobalSection
EndGlobal
